
Microsoft Visual Studio Solution File, Format Version 12.00
# Visual Studio 15
VisualStudioVersion = 15.0.27004.2005
MinimumVisualStudioVersion = 10.0.40219.1
Project("{FAE04EC0-301F-11D3-BF4B-00C04F79EFBC}") = "Ecommerce", "Ecommerce\Ecommerce.csproj", "{7AB347A0-99A6-4857-860E-3F29CA85B8BE}"
EndProject
Global
	GlobalSection(SolutionConfigurationPlatforms) = preSolution
		Debug|Any CPU = Debug|Any CPU
		Release|Any CPU = Release|Any CPU
	EndGlobalSection
	GlobalSection(ProjectConfigurationPlatforms) = postSolution
		{7AB347A0-99A6-4857-860E-3F29CA85B8BE}.Debug|Any CPU.ActiveCfg = Debug|Any CPU
		{7AB347A0-99A6-4857-860E-3F29CA85B8BE}.Debug|Any CPU.Build.0 = Debug|Any CPU
		{7AB347A0-99A6-4857-860E-3F29CA85B8BE}.Release|Any CPU.ActiveCfg = Release|Any CPU
		{7AB347A0-99A6-4857-860E-3F29CA85B8BE}.Release|Any CPU.Build.0 = Release|Any CPU
	EndGlobalSection
	GlobalSection(SolutionProperties) = preSolution
		HideSolutionNode = FALSE
	EndGlobalSection
	GlobalSection(ExtensibilityGlobals) = postSolution
		SolutionGuid = {E828ED06-91BB-4008-9CCF-D11C9B89A5A4}
	EndGlobalSection
EndGlobal
